
Microsoft Visual Studio Solution File, Format Version 12.00
# Visual Studio Version 16
VisualStudioVersion = 16.0.29418.71
MinimumVisualStudioVersion = 10.0.40219.1
Project("{9A19103F-16F7-4668-BE54-9A1E7A4F7556}") = "CareerCloud.Pocos", "CareerCloud.Pocos\CareerCloud.Pocos.csproj", "{F9E1245D-1CB5-4043-8DFB-0C5B05AE8C32}"
EndProject
Project("{9A19103F-16F7-4668-BE54-9A1E7A4F7556}") = "CareerCloudCore.UnitTests.Assignment1", "CareerCloudCore.UnitTests.Assignment1\CareerCloudCore.UnitTests.Assignment1.csproj", "{2DF21B9A-8A33-4AF1-95EB-C3440EC6361E}"
EndProject
Global
	GlobalSection(SolutionConfigurationPlatforms) = preSolution
		Debug|Any CPU = Debug|Any CPU
		Release|Any CPU = Release|Any CPU
	EndGlobalSection
	GlobalSection(ProjectConfigurationPlatforms) = postSolution
		{F9E1245D-1CB5-4043-8DFB-0C5B05AE8C32}.Debug|Any CPU.ActiveCfg = Debug|Any CPU
		{F9E1245D-1CB5-4043-8DFB-0C5B05AE8C32}.Debug|Any CPU.Build.0 = Debug|Any CPU
		{F9E1245D-1CB5-4043-8DFB-0C5B05AE8C32}.Release|Any CPU.ActiveCfg = Release|Any CPU
		{F9E1245D-1CB5-4043-8DFB-0C5B05AE8C32}.Release|Any CPU.Build.0 = Release|Any CPU
		{2DF21B9A-8A33-4AF1-95EB-C3440EC6361E}.Debug|Any CPU.ActiveCfg = Debug|Any CPU
		{2DF21B9A-8A33-4AF1-95EB-C3440EC6361E}.Debug|Any CPU.Build.0 = Debug|Any CPU
		{2DF21B9A-8A33-4AF1-95EB-C3440EC6361E}.Release|Any CPU.ActiveCfg = Release|Any CPU
		{2DF21B9A-8A33-4AF1-95EB-C3440EC6361E}.Release|Any CPU.Build.0 = Release|Any CPU
	EndGlobalSection
	GlobalSection(SolutionProperties) = preSolution
		HideSolutionNode = FALSE
	EndGlobalSection
	GlobalSection(ExtensibilityGlobals) = postSolution
		SolutionGuid = {BB4D485E-160B-410C-AC6A-16427C5ECCAD}
	EndGlobalSection
EndGlobal
