
Microsoft Visual Studio Solution File, Format Version 12.00
# Visual Studio Version 16
VisualStudioVersion = 16.0.29418.71
MinimumVisualStudioVersion = 10.0.40219.1
Project("{9A19103F-16F7-4668-BE54-9A1E7A4F7556}") = "CareerCloud.Pocos", "CareerCloud.Pocos\CareerCloud.Pocos.csproj", "{F9E1245D-1CB5-4043-8DFB-0C5B05AE8C32}"
EndProject
Project("{9A19103F-16F7-4668-BE54-9A1E7A4F7556}") = "CareerCloudCore.UnitTests.Assignment1", "CareerCloudCore.UnitTests.Assignment1\CareerCloudCore.UnitTests.Assignment1.csproj", "{2DF21B9A-8A33-4AF1-95EB-C3440EC6361E}"
EndProject
Project("{9A19103F-16F7-4668-BE54-9A1E7A4F7556}") = "CareerCloud.DataAccessLayer", "CareerCloud.DataAccessLayer\CareerCloud.DataAccessLayer.csproj", "{CC420C05-13F8-4006-9B1F-A836E99DC888}"
EndProject
Project("{9A19103F-16F7-4668-BE54-9A1E7A4F7556}") = "CareerCloud.ADODataAccessLayer", "CareerCloud.ADODataAccessLayer\CareerCloud.ADODataAccessLayer.csproj", "{8B54E423-26E9-4116-8621-CED4CEA212FC}"
EndProject
Project("{9A19103F-16F7-4668-BE54-9A1E7A4F7556}") = "CareerCloud.BusinessLogicLayer", "CareerCloud.BusinessLogicLayer\CareerCloud.BusinessLogicLayer.csproj", "{F126F01B-5D48-4471-9A85-E86171369E5E}"
EndProject
Project("{9A19103F-16F7-4668-BE54-9A1E7A4F7556}") = "CareerCloudCore.UnitTests.Assignment3", "CareerCloudCore.UnitTests.Assignment3\CareerCloudCore.UnitTests.Assignment3.csproj", "{58A33C44-ABE6-43F2-B60E-B3504132E6EE}"
EndProject
Project("{9A19103F-16F7-4668-BE54-9A1E7A4F7556}") = "CareerCloud.EntityFrameworkDataAccess", "CareerCloud.EntityFrameworkDataAccess\CareerCloud.EntityFrameworkDataAccess.csproj", "{D87DCF33-E36A-4392-89A0-5ED7EAD7A5A0}"
EndProject
Project("{9A19103F-16F7-4668-BE54-9A1E7A4F7556}") = "CareerCloudCore.UnitTests.Assignment4", "..\CareerCloudCore.UnitTests.Assignment4\CareerCloudCore.UnitTests.Assignment4.csproj", "{9FF4E4A3-7690-422E-971C-D973F8B61A3F}"
EndProject
Project("{9A19103F-16F7-4668-BE54-9A1E7A4F7556}") = "CareerCloud.WebAPI", "CareerCloud.WebAPI\CareerCloud.WebAPI.csproj", "{89E1082C-24B7-492F-8831-CEF8C0039409}"
EndProject
Project("{9A19103F-16F7-4668-BE54-9A1E7A4F7556}") = "CareerCloudCore.UnitTests.Assignment5", "CareerCloudCore.UnitTests.Assignment5\CareerCloudCore.UnitTests.Assignment5.csproj", "{564FD55B-72A5-4FC2-87C3-6FAA1DE61CEA}"
EndProject
Project("{FAE04EC0-301F-11D3-BF4B-00C04F79EFBC}") = "CareerCloud.gRPC", "CareerCloud.gRPC\CareerCloud.gRPC.csproj", "{9A595488-E6DD-4EA5-8FE8-9DFB8DB5A327}"
EndProject
Global
	GlobalSection(SolutionConfigurationPlatforms) = preSolution
		Debug|Any CPU = Debug|Any CPU
		Release|Any CPU = Release|Any CPU
	EndGlobalSection
	GlobalSection(ProjectConfigurationPlatforms) = postSolution
		{F9E1245D-1CB5-4043-8DFB-0C5B05AE8C32}.Debug|Any CPU.ActiveCfg = Debug|Any CPU
		{F9E1245D-1CB5-4043-8DFB-0C5B05AE8C32}.Debug|Any CPU.Build.0 = Debug|Any CPU
		{F9E1245D-1CB5-4043-8DFB-0C5B05AE8C32}.Release|Any CPU.ActiveCfg = Release|Any CPU
		{F9E1245D-1CB5-4043-8DFB-0C5B05AE8C32}.Release|Any CPU.Build.0 = Release|Any CPU
		{2DF21B9A-8A33-4AF1-95EB-C3440EC6361E}.Debug|Any CPU.ActiveCfg = Debug|Any CPU
		{2DF21B9A-8A33-4AF1-95EB-C3440EC6361E}.Debug|Any CPU.Build.0 = Debug|Any CPU
		{2DF21B9A-8A33-4AF1-95EB-C3440EC6361E}.Release|Any CPU.ActiveCfg = Release|Any CPU
		{2DF21B9A-8A33-4AF1-95EB-C3440EC6361E}.Release|Any CPU.Build.0 = Release|Any CPU
		{CC420C05-13F8-4006-9B1F-A836E99DC888}.Debug|Any CPU.ActiveCfg = Debug|Any CPU
		{CC420C05-13F8-4006-9B1F-A836E99DC888}.Debug|Any CPU.Build.0 = Debug|Any CPU
		{CC420C05-13F8-4006-9B1F-A836E99DC888}.Release|Any CPU.ActiveCfg = Release|Any CPU
		{CC420C05-13F8-4006-9B1F-A836E99DC888}.Release|Any CPU.Build.0 = Release|Any CPU
		{8B54E423-26E9-4116-8621-CED4CEA212FC}.Debug|Any CPU.ActiveCfg = Debug|Any CPU
		{8B54E423-26E9-4116-8621-CED4CEA212FC}.Debug|Any CPU.Build.0 = Debug|Any CPU
		{8B54E423-26E9-4116-8621-CED4CEA212FC}.Release|Any CPU.ActiveCfg = Release|Any CPU
		{8B54E423-26E9-4116-8621-CED4CEA212FC}.Release|Any CPU.Build.0 = Release|Any CPU
		{F126F01B-5D48-4471-9A85-E86171369E5E}.Debug|Any CPU.ActiveCfg = Debug|Any CPU
		{F126F01B-5D48-4471-9A85-E86171369E5E}.Debug|Any CPU.Build.0 = Debug|Any CPU
		{F126F01B-5D48-4471-9A85-E86171369E5E}.Release|Any CPU.ActiveCfg = Release|Any CPU
		{F126F01B-5D48-4471-9A85-E86171369E5E}.Release|Any CPU.Build.0 = Release|Any CPU
		{58A33C44-ABE6-43F2-B60E-B3504132E6EE}.Debug|Any CPU.ActiveCfg = Debug|Any CPU
		{58A33C44-ABE6-43F2-B60E-B3504132E6EE}.Debug|Any CPU.Build.0 = Debug|Any CPU
		{58A33C44-ABE6-43F2-B60E-B3504132E6EE}.Release|Any CPU.ActiveCfg = Release|Any CPU
		{58A33C44-ABE6-43F2-B60E-B3504132E6EE}.Release|Any CPU.Build.0 = Release|Any CPU
		{D87DCF33-E36A-4392-89A0-5ED7EAD7A5A0}.Debug|Any CPU.ActiveCfg = Debug|Any CPU
		{D87DCF33-E36A-4392-89A0-5ED7EAD7A5A0}.Debug|Any CPU.Build.0 = Debug|Any CPU
		{D87DCF33-E36A-4392-89A0-5ED7EAD7A5A0}.Release|Any CPU.ActiveCfg = Release|Any CPU
		{D87DCF33-E36A-4392-89A0-5ED7EAD7A5A0}.Release|Any CPU.Build.0 = Release|Any CPU
		{9FF4E4A3-7690-422E-971C-D973F8B61A3F}.Debug|Any CPU.ActiveCfg = Debug|Any CPU
		{9FF4E4A3-7690-422E-971C-D973F8B61A3F}.Debug|Any CPU.Build.0 = Debug|Any CPU
		{9FF4E4A3-7690-422E-971C-D973F8B61A3F}.Release|Any CPU.ActiveCfg = Release|Any CPU
		{9FF4E4A3-7690-422E-971C-D973F8B61A3F}.Release|Any CPU.Build.0 = Release|Any CPU
		{89E1082C-24B7-492F-8831-CEF8C0039409}.Debug|Any CPU.ActiveCfg = Debug|Any CPU
		{89E1082C-24B7-492F-8831-CEF8C0039409}.Debug|Any CPU.Build.0 = Debug|Any CPU
		{89E1082C-24B7-492F-8831-CEF8C0039409}.Release|Any CPU.ActiveCfg = Release|Any CPU
		{89E1082C-24B7-492F-8831-CEF8C0039409}.Release|Any CPU.Build.0 = Release|Any CPU
		{564FD55B-72A5-4FC2-87C3-6FAA1DE61CEA}.Debug|Any CPU.ActiveCfg = Debug|Any CPU
		{564FD55B-72A5-4FC2-87C3-6FAA1DE61CEA}.Debug|Any CPU.Build.0 = Debug|Any CPU
		{564FD55B-72A5-4FC2-87C3-6FAA1DE61CEA}.Release|Any CPU.ActiveCfg = Release|Any CPU
		{564FD55B-72A5-4FC2-87C3-6FAA1DE61CEA}.Release|Any CPU.Build.0 = Release|Any CPU
		{9A595488-E6DD-4EA5-8FE8-9DFB8DB5A327}.Debug|Any CPU.ActiveCfg = Debug|Any CPU
		{9A595488-E6DD-4EA5-8FE8-9DFB8DB5A327}.Debug|Any CPU.Build.0 = Debug|Any CPU
		{9A595488-E6DD-4EA5-8FE8-9DFB8DB5A327}.Release|Any CPU.ActiveCfg = Release|Any CPU
		{9A595488-E6DD-4EA5-8FE8-9DFB8DB5A327}.Release|Any CPU.Build.0 = Release|Any CPU
	EndGlobalSection
	GlobalSection(SolutionProperties) = preSolution
		HideSolutionNode = FALSE
	EndGlobalSection
	GlobalSection(ExtensibilityGlobals) = postSolution
		SolutionGuid = {BB4D485E-160B-410C-AC6A-16427C5ECCAD}
	EndGlobalSection
EndGlobal
